
Microsoft Visual Studio Solution File, Format Version 12.00
# Visual Studio Version 17
VisualStudioVersion = 17.0.31903.59
MinimumVisualStudioVersion = 10.0.40219.1
Project("{FAE04EC0-301F-11D3-BF4B-00C04F79EFBC}") = "Waraq.Windows.Core", "Waraq.Windows.Core\Waraq.Windows.Core.csproj", "{7E78D216-9D3C-420E-B29F-0F640199057C}"
EndProject
Project("{FAE04EC0-301F-11D3-BF4B-00C04F79EFBC}") = "Waraq.Windows.Host", "Waraq.Windows.Host\Waraq.Windows.Host.csproj", "{88EAAA99-4E63-4A9D-A512-A5A33EE45615}"
EndProject
Project("{FAE04EC0-301F-11D3-BF4B-00C04F79EFBC}") = "Waraq.Windows.Engines", "Waraq.Windows.Engines\Waraq.Windows.Engines.csproj", "{838D31ED-A688-4195-8AB9-78ADABF32DCB}"
EndProject
Project("{FAE04EC0-301F-11D3-BF4B-00C04F79EFBC}") = "Waraq.Windows.Shell", "Waraq.Windows.Shell\Waraq.Windows.Shell.csproj", "{06C06831-70AC-4946-A5EC-68E9A0DB63DE}"
EndProject
Project("{FAE04EC0-301F-11D3-BF4B-00C04F79EFBC}") = "Waraq.Windows.App", "Waraq.Windows.App\Waraq.Windows.App.csproj", "{C2882BF1-C6BA-4F72-B46C-FE4C290712F8}"
EndProject
Project("{FAE04EC0-301F-11D3-BF4B-00C04F79EFBC}") = "Waraq.Windows.Tests", "Waraq.Windows.Tests\Waraq.Windows.Tests.csproj", "{0B70D93F-8728-4EF1-BA32-9809F3711F39}"
EndProject
Global
	GlobalSection(SolutionConfigurationPlatforms) = preSolution
		Debug|Any CPU = Debug|Any CPU
		Release|Any CPU = Release|Any CPU
	EndGlobalSection
	GlobalSection(SolutionProperties) = preSolution
		HideSolutionNode = FALSE
	EndGlobalSection
	GlobalSection(ProjectConfigurationPlatforms) = postSolution
		{7E78D216-9D3C-420E-B29F-0F640199057C}.Debug|Any CPU.ActiveCfg = Debug|Any CPU
		{7E78D216-9D3C-420E-B29F-0F640199057C}.Debug|Any CPU.Build.0 = Debug|Any CPU
		{7E78D216-9D3C-420E-B29F-0F640199057C}.Release|Any CPU.ActiveCfg = Release|Any CPU
		{7E78D216-9D3C-420E-B29F-0F640199057C}.Release|Any CPU.Build.0 = Release|Any CPU
		{88EAAA99-4E63-4A9D-A512-A5A33EE45615}.Debug|Any CPU.ActiveCfg = Debug|Any CPU
		{88EAAA99-4E63-4A9D-A512-A5A33EE45615}.Debug|Any CPU.Build.0 = Debug|Any CPU
		{88EAAA99-4E63-4A9D-A512-A5A33EE45615}.Release|Any CPU.ActiveCfg = Release|Any CPU
		{88EAAA99-4E63-4A9D-A512-A5A33EE45615}.Release|Any CPU.Build.0 = Release|Any CPU
		{838D31ED-A688-4195-8AB9-78ADABF32DCB}.Debug|Any CPU.ActiveCfg = Debug|Any CPU
		{838D31ED-A688-4195-8AB9-78ADABF32DCB}.Debug|Any CPU.Build.0 = Debug|Any CPU
		{838D31ED-A688-4195-8AB9-78ADABF32DCB}.Release|Any CPU.ActiveCfg = Release|Any CPU
		{838D31ED-A688-4195-8AB9-78ADABF32DCB}.Release|Any CPU.Build.0 = Release|Any CPU
		{06C06831-70AC-4946-A5EC-68E9A0DB63DE}.Debug|Any CPU.ActiveCfg = Debug|Any CPU
		{06C06831-70AC-4946-A5EC-68E9A0DB63DE}.Debug|Any CPU.Build.0 = Debug|Any CPU
		{06C06831-70AC-4946-A5EC-68E9A0DB63DE}.Release|Any CPU.ActiveCfg = Release|Any CPU
		{06C06831-70AC-4946-A5EC-68E9A0DB63DE}.Release|Any CPU.Build.0 = Release|Any CPU
		{C2882BF1-C6BA-4F72-B46C-FE4C290712F8}.Debug|Any CPU.ActiveCfg = Debug|x64
		{C2882BF1-C6BA-4F72-B46C-FE4C290712F8}.Debug|Any CPU.Build.0 = Debug|x64
		{C2882BF1-C6BA-4F72-B46C-FE4C290712F8}.Release|Any CPU.ActiveCfg = Release|x64
		{C2882BF1-C6BA-4F72-B46C-FE4C290712F8}.Release|Any CPU.Build.0 = Release|x64
		{0B70D93F-8728-4EF1-BA32-9809F3711F39}.Debug|Any CPU.ActiveCfg = Debug|Any CPU
		{0B70D93F-8728-4EF1-BA32-9809F3711F39}.Debug|Any CPU.Build.0 = Debug|Any CPU
		{0B70D93F-8728-4EF1-BA32-9809F3711F39}.Release|Any CPU.ActiveCfg = Release|Any CPU
		{0B70D93F-8728-4EF1-BA32-9809F3711F39}.Release|Any CPU.Build.0 = Release|Any CPU
	EndGlobalSection
EndGlobal
